
Microsoft Visual Studio Solution File, Format Version 11.00
# Visual Studio 2010
Project("{8BC9CEB8-8B4A-11D0-8D11-00A0C91BC942}") = "GLUT_Framework", "GLUT_Framework\GLUT_Framework.vcxproj", "{942F7BDF-ADDD-48C6-AAD4-7C8C338BF3F0}"
EndProject
Global
	GlobalSection(SolutionConfigurationPlatforms) = preSolution
		Debug|Win32 = Debug|Win32
		Release|Win32 = Release|Win32
	EndGlobalSection
	GlobalSection(ProjectConfigurationPlatforms) = postSolution
		{942F7BDF-ADDD-48C6-AAD4-7C8C338BF3F0}.Debug|Win32.ActiveCfg = Debug|Win32
		{942F7BDF-ADDD-48C6-AAD4-7C8C338BF3F0}.Debug|Win32.Build.0 = Debug|Win32
		{942F7BDF-ADDD-48C6-AAD4-7C8C338BF3F0}.Release|Win32.ActiveCfg = Release|Win32
		{942F7BDF-ADDD-48C6-AAD4-7C8C338BF3F0}.Release|Win32.Build.0 = Release|Win32
	EndGlobalSection
	GlobalSection(SolutionProperties) = preSolution
		HideSolutionNode = FALSE
	EndGlobalSection
EndGlobal
