// !$*UTF8*$!
{
	archiveVersion = 1;
	classes = {
	};
	objectVersion = 45;
	objects = {

/* Begin PBXBuildFile section */
		8DD76F6A0486A84900D96B5E /* GLUT_Framework.1 in CopyFiles */ = {isa = PBXBuildFile; fileRef = C6859E8B029090EE04C91782 /* GLUT_Framework.1 */; };
		BD2001FB122040D9001E48F1 /* GlutFramework.cpp in Sources */ = {isa = PBXBuildFile; fileRef = BD2001F4122040D9001E48F1 /* GlutFramework.cpp */; };
		BD2001FC122040D9001E48F1 /* main.cpp in Sources */ = {isa = PBXBuildFile; fileRef = BD2001F6122040D9001E48F1 /* main.cpp */; };
		BD20020412204687001E48F1 /* GLUT.framework in Frameworks */ = {isa = PBXBuildFile; fileRef = BD20020312204687001E48F1 /* GLUT.framework */; };
		BD2002251220492C001E48F1 /* Keyboard.cpp in Sources */ = {isa = PBXBuildFile; fileRef = BD2002231220492C001E48F1 /* Keyboard.cpp */; };
		BD20027B12204C79001E48F1 /* OpenGL.framework in Frameworks */ = {isa = PBXBuildFile; fileRef = BD20027A12204C79001E48F1 /* OpenGL.framework */; };
		BDF102F91220681B00D38062 /* PerformanceTimer.cpp in Sources */ = {isa = PBXBuildFile; fileRef = BD2001F7122040D9001E48F1 /* PerformanceTimer.cpp */; };
/* End PBXBuildFile section */

/* Begin PBXCopyFilesBuildPhase section */
		8DD76F690486A84900D96B5E /* CopyFiles */ = {
			isa = PBXCopyFilesBuildPhase;
			buildActionMask = 8;
			dstPath = /usr/share/man/man1/;
			dstSubfolderSpec = 0;
			files = (
				8DD76F6A0486A84900D96B5E /* GLUT_Framework.1 in CopyFiles */,
			);
			runOnlyForDeploymentPostprocessing = 1;
		};
/* End PBXCopyFilesBuildPhase section */

/* Begin PBXFileReference section */
		8DD76F6C0486A84900D96B5E /* GLUT_Framework */ = {isa = PBXFileReference; explicitFileType = "compiled.mach-o.executable"; includeInIndex = 0; path = GLUT_Framework; sourceTree = BUILT_PRODUCTS_DIR; };
		BD2001F4122040D9001E48F1 /* GlutFramework.cpp */ = {isa = PBXFileReference; fileEncoding = 4; lastKnownFileType = sourcecode.cpp.cpp; name = GlutFramework.cpp; path = ../../src/GlutFramework.cpp; sourceTree = SOURCE_ROOT; };
		BD2001F5122040D9001E48F1 /* GlutFramework.h */ = {isa = PBXFileReference; fileEncoding = 4; lastKnownFileType = sourcecode.c.h; name = GlutFramework.h; path = ../../src/GlutFramework.h; sourceTree = SOURCE_ROOT; };
		BD2001F6122040D9001E48F1 /* main.cpp */ = {isa = PBXFileReference; fileEncoding = 4; lastKnownFileType = sourcecode.cpp.cpp; name = main.cpp; path = ../../src/main.cpp; sourceTree = SOURCE_ROOT; };
		BD2001F7122040D9001E48F1 /* PerformanceTimer.cpp */ = {isa = PBXFileReference; fileEncoding = 4; lastKnownFileType = sourcecode.cpp.cpp; name = PerformanceTimer.cpp; path = ../../src/PerformanceTimer.cpp; sourceTree = SOURCE_ROOT; };
		BD2001F8122040D9001E48F1 /* PerformanceTimer.h */ = {isa = PBXFileReference; fileEncoding = 4; lastKnownFileType = sourcecode.c.h; name = PerformanceTimer.h; path = ../../src/PerformanceTimer.h; sourceTree = SOURCE_ROOT; };
		BD20020312204687001E48F1 /* GLUT.framework */ = {isa = PBXFileReference; lastKnownFileType = wrapper.framework; name = GLUT.framework; path = System/Library/Frameworks/GLUT.framework; sourceTree = SDKROOT; };
		BD20020F12204803001E48F1 /* Vector.h */ = {isa = PBXFileReference; fileEncoding = 4; lastKnownFileType = sourcecode.c.h; name = Vector.h; path = ../../src/Vector.h; sourceTree = SOURCE_ROOT; };
		BD20021012204840001E48F1 /* Point.h */ = {isa = PBXFileReference; fileEncoding = 4; lastKnownFileType = sourcecode.c.h; name = Point.h; path = ../../src/Point.h; sourceTree = SOURCE_ROOT; };
		BD2002231220492C001E48F1 /* Keyboard.cpp */ = {isa = PBXFileReference; fileEncoding = 4; lastKnownFileType = sourcecode.cpp.cpp; name = Keyboard.cpp; path = ../../src/Keyboard.cpp; sourceTree = SOURCE_ROOT; };
		BD2002241220492C001E48F1 /* Keyboard.h */ = {isa = PBXFileReference; fileEncoding = 4; lastKnownFileType = sourcecode.c.h; name = Keyboard.h; path = ../../src/Keyboard.h; sourceTree = SOURCE_ROOT; };
		BD20027A12204C79001E48F1 /* OpenGL.framework */ = {isa = PBXFileReference; lastKnownFileType = wrapper.framework; name = OpenGL.framework; path = System/Library/Frameworks/OpenGL.framework; sourceTree = SDKROOT; };
		C6859E8B029090EE04C91782 /* GLUT_Framework.1 */ = {isa = PBXFileReference; lastKnownFileType = text.man; path = GLUT_Framework.1; sourceTree = "<group>"; };
/* End PBXFileReference section */

/* Begin PBXFrameworksBuildPhase section */
		8DD76F660486A84900D96B5E /* Frameworks */ = {
			isa = PBXFrameworksBuildPhase;
			buildActionMask = 2147483647;
			files = (
				BD20020412204687001E48F1 /* GLUT.framework in Frameworks */,
				BD20027B12204C79001E48F1 /* OpenGL.framework in Frameworks */,
			);
			runOnlyForDeploymentPostprocessing = 0;
		};
/* End PBXFrameworksBuildPhase section */

/* Begin PBXGroup section */
		08FB7794FE84155DC02AAC07 /* GLUT_Framework */ = {
			isa = PBXGroup;
			children = (
				08FB7795FE84155DC02AAC07 /* Source */,
				C6859E8C029090F304C91782 /* Documentation */,
				1AB674ADFE9D54B511CA2CBB /* Products */,
				BD20020312204687001E48F1 /* GLUT.framework */,
				BD20027A12204C79001E48F1 /* OpenGL.framework */,
			);
			name = GLUT_Framework;
			sourceTree = "<group>";
		};
		08FB7795FE84155DC02AAC07 /* Source */ = {
			isa = PBXGroup;
			children = (
				BD2002241220492C001E48F1 /* Keyboard.h */,
				BD2002231220492C001E48F1 /* Keyboard.cpp */,
				BD20021012204840001E48F1 /* Point.h */,
				BD20020F12204803001E48F1 /* Vector.h */,
				BD2001F6122040D9001E48F1 /* main.cpp */,
				BD2001F5122040D9001E48F1 /* GlutFramework.h */,
				BD2001F4122040D9001E48F1 /* GlutFramework.cpp */,
				BD2001F8122040D9001E48F1 /* PerformanceTimer.h */,
				BD2001F7122040D9001E48F1 /* PerformanceTimer.cpp */,
			);
			name = Source;
			sourceTree = "<group>";
		};
		1AB674ADFE9D54B511CA2CBB /* Products */ = {
			isa = PBXGroup;
			children = (
				8DD76F6C0486A84900D96B5E /* GLUT_Framework */,
			);
			name = Products;
			sourceTree = "<group>";
		};
		C6859E8C029090F304C91782 /* Documentation */ = {
			isa = PBXGroup;
			children = (
				C6859E8B029090EE04C91782 /* GLUT_Framework.1 */,
			);
			name = Documentation;
			sourceTree = "<group>";
		};
/* End PBXGroup section */

/* Begin PBXNativeTarget section */
		8DD76F620486A84900D96B5E /* GLUT_Framework */ = {
			isa = PBXNativeTarget;
			buildConfigurationList = 1DEB923108733DC60010E9CD /* Build configuration list for PBXNativeTarget "GLUT_Framework" */;
			buildPhases = (
				8DD76F640486A84900D96B5E /* Sources */,
				8DD76F660486A84900D96B5E /* Frameworks */,
				8DD76F690486A84900D96B5E /* CopyFiles */,
			);
			buildRules = (
			);
			dependencies = (
			);
			name = GLUT_Framework;
			productInstallPath = "$(HOME)/bin";
			productName = GLUT_Framework;
			productReference = 8DD76F6C0486A84900D96B5E /* GLUT_Framework */;
			productType = "com.apple.product-type.tool";
		};
/* End PBXNativeTarget section */

/* Begin PBXProject section */
		08FB7793FE84155DC02AAC07 /* Project object */ = {
			isa = PBXProject;
			attributes = {
				ORGANIZATIONNAME = "Paul Solt";
			};
			buildConfigurationList = 1DEB923508733DC60010E9CD /* Build configuration list for PBXProject "GLUT_Framework" */;
			compatibilityVersion = "Xcode 3.1";
			hasScannedForEncodings = 1;
			mainGroup = 08FB7794FE84155DC02AAC07 /* GLUT_Framework */;
			projectDirPath = "";
			projectRoot = "";
			targets = (
				8DD76F620486A84900D96B5E /* GLUT_Framework */,
			);
		};
/* End PBXProject section */

/* Begin PBXSourcesBuildPhase section */
		8DD76F640486A84900D96B5E /* Sources */ = {
			isa = PBXSourcesBuildPhase;
			buildActionMask = 2147483647;
			files = (
				BD2001FB122040D9001E48F1 /* GlutFramework.cpp in Sources */,
				BD2001FC122040D9001E48F1 /* main.cpp in Sources */,
				BD2002251220492C001E48F1 /* Keyboard.cpp in Sources */,
				BDF102F91220681B00D38062 /* PerformanceTimer.cpp in Sources */,
			);
			runOnlyForDeploymentPostprocessing = 0;
		};
/* End PBXSourcesBuildPhase section */

/* Begin XCBuildConfiguration section */
		1DEB923208733DC60010E9CD /* Debug */ = {
			isa = XCBuildConfiguration;
			buildSettings = {
				ALWAYS_SEARCH_USER_PATHS = NO;
				COPY_PHASE_STRIP = NO;
				GCC_DYNAMIC_NO_PIC = NO;
				GCC_ENABLE_FIX_AND_CONTINUE = YES;
				GCC_MODEL_TUNING = G5;
				GCC_OPTIMIZATION_LEVEL = 0;
				INSTALL_PATH = /usr/local/bin;
				PRODUCT_NAME = GLUT_Framework;
			};
			name = Debug;
		};
		1DEB923308733DC60010E9CD /* Release */ = {
			isa = XCBuildConfiguration;
			buildSettings = {
				ALWAYS_SEARCH_USER_PATHS = NO;
				DEBUG_INFORMATION_FORMAT = "dwarf-with-dsym";
				GCC_MODEL_TUNING = G5;
				INSTALL_PATH = /usr/local/bin;
				PRODUCT_NAME = GLUT_Framework;
			};
			name = Release;
		};
		1DEB923608733DC60010E9CD /* Debug */ = {
			isa = XCBuildConfiguration;
			buildSettings = {
				ARCHS = "$(ARCHS_STANDARD_32_64_BIT)";
				GCC_C_LANGUAGE_STANDARD = gnu99;
				GCC_OPTIMIZATION_LEVEL = 0;
				GCC_WARN_ABOUT_RETURN_TYPE = YES;
				GCC_WARN_UNUSED_VARIABLE = YES;
				ONLY_ACTIVE_ARCH = YES;
				PREBINDING = NO;
				SDKROOT = macosx10.5;
			};
			name = Debug;
		};
		1DEB923708733DC60010E9CD /* Release */ = {
			isa = XCBuildConfiguration;
			buildSettings = {
				ARCHS = "$(ARCHS_STANDARD_32_64_BIT)";
				GCC_C_LANGUAGE_STANDARD = gnu99;
				GCC_WARN_ABOUT_RETURN_TYPE = YES;
				GCC_WARN_UNUSED_VARIABLE = YES;
				PREBINDING = NO;
				SDKROOT = macosx10.5;
			};
			name = Release;
		};
/* End XCBuildConfiguration section */

/* Begin XCConfigurationList section */
		1DEB923108733DC60010E9CD /* Build configuration list for PBXNativeTarget "GLUT_Framework" */ = {
			isa = XCConfigurationList;
			buildConfigurations = (
				1DEB923208733DC60010E9CD /* Debug */,
				1DEB923308733DC60010E9CD /* Release */,
			);
			defaultConfigurationIsVisible = 0;
			defaultConfigurationName = Release;
		};
		1DEB923508733DC60010E9CD /* Build configuration list for PBXProject "GLUT_Framework" */ = {
			isa = XCConfigurationList;
			buildConfigurations = (
				1DEB923608733DC60010E9CD /* Debug */,
				1DEB923708733DC60010E9CD /* Release */,
			);
			defaultConfigurationIsVisible = 0;
			defaultConfigurationName = Release;
		};
/* End XCConfigurationList section */
	};
	rootObject = 08FB7793FE84155DC02AAC07 /* Project object */;
}
